<?xml version="1.0" encoding="utf-8"?>
<Project ToolsVersion="4.0" xmlns="http://schemas.microsoft.com/developer/msbuild/2003">
  <ItemGroup>
    <Filter Include="Controller">
      <UniqueIdentifier>{7a059e38-8fa3-4a6c-ab75-3f167cc0b6bb}</UniqueIdentifier>
    </Filter>
    <Filter Include="UI">
      <UniqueIdentifier>{87e2b011-2238-47d4-aa73-1c0ea0d3b0c0}</UniqueIdentifier>
    </Filter>
    <Filter Include="Repository">
      <UniqueIdentifier>{393bb231-d1f9-4dbe-b7cf-621309aa2942}</UniqueIdentifier>
    </Filter>
    <Filter Include="Domain">
      <UniqueIdentifier>{3070c159-65b8-455c-a90e-cf5252bb8e8b}</UniqueIdentifier>
    </Filter>
    <Filter Include="Validator">
      <UniqueIdentifier>{4e948f3d-231b-452c-897f-c2f972f8fba8}</UniqueIdentifier>
    </Filter>
    <Filter Include="MyExceptions">
      <UniqueIdentifier>{d88a78a8-e9fa-4752-8f40-929d2af010b0}</UniqueIdentifier>
    </Filter>
  </ItemGroup>
  <ItemGroup>
    <ClCompile Include="Controller.cpp">
      <Filter>Controller</Filter>
    </ClCompile>
    <ClCompile Include="UI.cpp">
      <Filter>UI</Filter>
    </ClCompile>
    <ClCompile Include="Repository.cpp">
      <Filter>Repository</Filter>
    </ClCompile>
    <ClCompile Include="main.cpp" />
    <ClCompile Include="Car.cpp">
      <Filter>Domain</Filter>
    </ClCompile>
    <ClCompile Include="TestController.cpp">
      <Filter>Controller</Filter>
    </ClCompile>
    <ClCompile Include="TestCar.cpp">
      <Filter>Domain</Filter>
    </ClCompile>
    <ClCompile Include="CarValidator.cpp">
      <Filter>Validator</Filter>
    </ClCompile>
  </ItemGroup>
  <ItemGroup>
    <ClInclude Include="Controller.h">
      <Filter>Controller</Filter>
    </ClInclude>
    <ClInclude Include="UI.h">
      <Filter>UI</Filter>
    </ClInclude>
    <ClInclude Include="Repository.h">
      <Filter>Repository</Filter>
    </ClInclude>
    <ClInclude Include="Car.h">
      <Filter>Domain</Filter>
    </ClInclude>
    <ClInclude Include="TestController.h">
      <Filter>Controller</Filter>
    </ClInclude>
    <ClInclude Include="TestCar.h">
      <Filter>Domain</Filter>
    </ClInclude>
    <ClInclude Include="CarValidator.h">
      <Filter>Validator</Filter>
    </ClInclude>
    <ClInclude Include="repository_exception.h">
      <Filter>MyExceptions</Filter>
    </ClInclude>
    <ClInclude Include="validation_exception.h">
      <Filter>MyExceptions</Filter>
    </ClInclude>
  </ItemGroup>
</Project>